// !$*UTF8*$!
{
	archiveVersion = 1;
	classes = {
	};
	objectVersion = 55;
	objects = {

/* Begin PBXBuildFile section */
		19501C9B272ADFA1007C16B1 /* CategoryModel.swift in Sources */ = {isa = PBXBuildFile; fileRef = 19501C9A272ADFA1007C16B1 /* CategoryModel.swift */; };
		19501C9D272AE06E007C16B1 /* CategoryRowView.swift in Sources */ = {isa = PBXBuildFile; fileRef = 19501C9C272AE06E007C16B1 /* CategoryRowView.swift */; };
		19501CA0272AEC18007C16B1 /* CategoryData.swift in Sources */ = {isa = PBXBuildFile; fileRef = 19501C9F272AEC18007C16B1 /* CategoryData.swift */; };
		1953FB88272A3FBD00B40913 /* exemplarApp.swift in Sources */ = {isa = PBXBuildFile; fileRef = 1953FB87272A3FBD00B40913 /* exemplarApp.swift */; };
		1953FB8A272A3FBD00B40913 /* ContentView.swift in Sources */ = {isa = PBXBuildFile; fileRef = 1953FB89272A3FBD00B40913 /* ContentView.swift */; };
		1953FB8C272A3FBE00B40913 /* Assets.xcassets in Resources */ = {isa = PBXBuildFile; fileRef = 1953FB8B272A3FBE00B40913 /* Assets.xcassets */; };
		1953FB8F272A3FBE00B40913 /* Preview Assets.xcassets in Resources */ = {isa = PBXBuildFile; fileRef = 1953FB8E272A3FBE00B40913 /* Preview Assets.xcassets */; };
/* End PBXBuildFile section */

/* Begin PBXFileReference section */
		19501C9A272ADFA1007C16B1 /* CategoryModel.swift */ = {isa = PBXFileReference; lastKnownFileType = sourcecode.swift; path = CategoryModel.swift; sourceTree = "<group>"; };
		19501C9C272AE06E007C16B1 /* CategoryRowView.swift */ = {isa = PBXFileReference; lastKnownFileType = sourcecode.swift; path = CategoryRowView.swift; sourceTree = "<group>"; };
		19501C9F272AEC18007C16B1 /* CategoryData.swift */ = {isa = PBXFileReference; lastKnownFileType = sourcecode.swift; path = CategoryData.swift; sourceTree = "<group>"; };
		1953FB84272A3FBD00B40913 /* exemplar.app */ = {isa = PBXFileReference; explicitFileType = wrapper.application; includeInIndex = 0; path = exemplar.app; sourceTree = BUILT_PRODUCTS_DIR; };
		1953FB87272A3FBD00B40913 /* exemplarApp.swift */ = {isa = PBXFileReference; lastKnownFileType = sourcecode.swift; path = exemplarApp.swift; sourceTree = "<group>"; };
		1953FB89272A3FBD00B40913 /* ContentView.swift */ = {isa = PBXFileReference; lastKnownFileType = sourcecode.swift; path = ContentView.swift; sourceTree = "<group>"; };
		1953FB8B272A3FBE00B40913 /* Assets.xcassets */ = {isa = PBXFileReference; lastKnownFileType = folder.assetcatalog; path = Assets.xcassets; sourceTree = "<group>"; };
		1953FB8E272A3FBE00B40913 /* Preview Assets.xcassets */ = {isa = PBXFileReference; lastKnownFileType = folder.assetcatalog; path = "Preview Assets.xcassets"; sourceTree = "<group>"; };
/* End PBXFileReference section */

/* Begin PBXFrameworksBuildPhase section */
		1953FB81272A3FBD00B40913 /* Frameworks */ = {
			isa = PBXFrameworksBuildPhase;
			buildActionMask = 2147483647;
			files = (
			);
			runOnlyForDeploymentPostprocessing = 0;
		};
/* End PBXFrameworksBuildPhase section */

/* Begin PBXGroup section */
		19501C9E272AEC01007C16B1 /* Data */ = {
			isa = PBXGroup;
			children = (
				19501C9F272AEC18007C16B1 /* CategoryData.swift */,
			);
			path = Data;
			sourceTree = "<group>";
		};
		1953FB7B272A3FBD00B40913 = {
			isa = PBXGroup;
			children = (
				1953FB86272A3FBD00B40913 /* exemplar */,
				1953FB85272A3FBD00B40913 /* Products */,
			);
			sourceTree = "<group>";
		};
		1953FB85272A3FBD00B40913 /* Products */ = {
			isa = PBXGroup;
			children = (
				1953FB84272A3FBD00B40913 /* exemplar.app */,
			);
			name = Products;
			sourceTree = "<group>";
		};
		1953FB86272A3FBD00B40913 /* exemplar */ = {
			isa = PBXGroup;
			children = (
				19501C9E272AEC01007C16B1 /* Data */,
				1953FB97272A401000B40913 /* Model */,
				1953FB96272A400900B40913 /* View */,
				1953FB95272A3FFB00B40913 /* App */,
				1953FB8B272A3FBE00B40913 /* Assets.xcassets */,
				1953FB8D272A3FBE00B40913 /* Preview Content */,
			);
			path = exemplar;
			sourceTree = "<group>";
		};
		1953FB8D272A3FBE00B40913 /* Preview Content */ = {
			isa = PBXGroup;
			children = (
				1953FB8E272A3FBE00B40913 /* Preview Assets.xcassets */,
			);
			path = "Preview Content";
			sourceTree = "<group>";
		};
		1953FB95272A3FFB00B40913 /* App */ = {
			isa = PBXGroup;
			children = (
				1953FB87272A3FBD00B40913 /* exemplarApp.swift */,
				1953FB89272A3FBD00B40913 /* ContentView.swift */,
			);
			path = App;
			sourceTree = "<group>";
		};
		1953FB96272A400900B40913 /* View */ = {
			isa = PBXGroup;
			children = (
				19501C9C272AE06E007C16B1 /* CategoryRowView.swift */,
			);
			path = View;
			sourceTree = "<group>";
		};
		1953FB97272A401000B40913 /* Model */ = {
			isa = PBXGroup;
			children = (
				19501C9A272ADFA1007C16B1 /* CategoryModel.swift */,
			);
			path = Model;
			sourceTree = "<group>";
		};
/* End PBXGroup section */

/* Begin PBXNativeTarget section */
		1953FB83272A3FBD00B40913 /* exemplar */ = {
			isa = PBXNativeTarget;
			buildConfigurationList = 1953FB92272A3FBE00B40913 /* Build configuration list for PBXNativeTarget "exemplar" */;
			buildPhases = (
				1953FB80272A3FBD00B40913 /* Sources */,
				1953FB81272A3FBD00B40913 /* Frameworks */,
				1953FB82272A3FBD00B40913 /* Resources */,
			);
			buildRules = (
			);
			dependencies = (
			);
			name = exemplar;
			productName = exemplar;
			productReference = 1953FB84272A3FBD00B40913 /* exemplar.app */;
			productType = "com.apple.product-type.application";
		};
/* End PBXNativeTarget section */

/* Begin PBXProject section */
		1953FB7C272A3FBD00B40913 /* Project object */ = {
			isa = PBXProject;
			attributes = {
				BuildIndependentTargetsInParallel = 1;
				LastSwiftUpdateCheck = 1310;
				LastUpgradeCheck = 1310;
				TargetAttributes = {
					1953FB83272A3FBD00B40913 = {
						CreatedOnToolsVersion = 13.1;
					};
				};
			};
			buildConfigurationList = 1953FB7F272A3FBD00B40913 /* Build configuration list for PBXProject "exemplar" */;
			compatibilityVersion = "Xcode 13.0";
			developmentRegion = en;
			hasScannedForEncodings = 0;
			knownRegions = (
				en,
				Base,
			);
			mainGroup = 1953FB7B272A3FBD00B40913;
			productRefGroup = 1953FB85272A3FBD00B40913 /* Products */;
			projectDirPath = "";
			projectRoot = "";
			targets = (
				1953FB83272A3FBD00B40913 /* exemplar */,
			);
		};
/* End PBXProject section */

/* Begin PBXResourcesBuildPhase section */
		1953FB82272A3FBD00B40913 /* Resources */ = {
			isa = PBXResourcesBuildPhase;
			buildActionMask = 2147483647;
			files = (
				1953FB8F272A3FBE00B40913 /* Preview Assets.xcassets in Resources */,
				1953FB8C272A3FBE00B40913 /* Assets.xcassets in Resources */,
			);
			runOnlyForDeploymentPostprocessing = 0;
		};
/* End PBXResourcesBuildPhase section */

/* Begin PBXSourcesBuildPhase section */
		1953FB80272A3FBD00B40913 /* Sources */ = {
			isa = PBXSourcesBuildPhase;
			buildActionMask = 2147483647;
			files = (
				1953FB8A272A3FBD00B40913 /* ContentView.swift in Sources */,
				19501CA0272AEC18007C16B1 /* CategoryData.swift in Sources */,
				19501C9D272AE06E007C16B1 /* CategoryRowView.swift in Sources */,
				19501C9B272ADFA1007C16B1 /* CategoryModel.swift in Sources */,
				1953FB88272A3FBD00B40913 /* exemplarApp.swift in Sources */,
			);
			runOnlyForDeploymentPostprocessing = 0;
		};
/* End PBXSourcesBuildPhase section */

/* Begin XCBuildConfiguration section */
		1953FB90272A3FBE00B40913 /* Debug */ = {
			isa = XCBuildConfiguration;
			buildSettings = {
				ALWAYS_SEARCH_USER_PATHS = NO;
				CLANG_ANALYZER_NONNULL = YES;
				CLANG_ANALYZER_NUMBER_OBJECT_CONVERSION = YES_AGGRESSIVE;
				CLANG_CXX_LANGUAGE_STANDARD = "gnu++17";
				CLANG_CXX_LIBRARY = "libc++";
				CLANG_ENABLE_MODULES = YES;
				CLANG_ENABLE_OBJC_ARC = YES;
				CLANG_ENABLE_OBJC_WEAK = YES;
				CLANG_WARN_BLOCK_CAPTURE_AUTORELEASING = YES;
				CLANG_WARN_BOOL_CONVERSION = YES;
				CLANG_WARN_COMMA = YES;
				CLANG_WARN_CONSTANT_CONVERSION = YES;
				CLANG_WARN_DEPRECATED_OBJC_IMPLEMENTATIONS = YES;
				CLANG_WARN_DIRECT_OBJC_ISA_USAGE = YES_ERROR;
				CLANG_WARN_DOCUMENTATION_COMMENTS = YES;
				CLANG_WARN_EMPTY_BODY = YES;
				CLANG_WARN_ENUM_CONVERSION = YES;
				CLANG_WARN_INFINITE_RECURSION = YES;
				CLANG_WARN_INT_CONVERSION = YES;
				CLANG_WARN_NON_LITERAL_NULL_CONVERSION = YES;
				CLANG_WARN_OBJC_IMPLICIT_RETAIN_SELF = YES;
				CLANG_WARN_OBJC_LITERAL_CONVERSION = YES;
				CLANG_WARN_OBJC_ROOT_CLASS = YES_ERROR;
				CLANG_WARN_QUOTED_INCLUDE_IN_FRAMEWORK_HEADER = YES;
				CLANG_WARN_RANGE_LOOP_ANALYSIS = YES;
				CLANG_WARN_STRICT_PROTOTYPES = YES;
				CLANG_WARN_SUSPICIOUS_MOVE = YES;
				CLANG_WARN_UNGUARDED_AVAILABILITY = YES_AGGRESSIVE;
				CLANG_WARN_UNREACHABLE_CODE = YES;
				CLANG_WARN__DUPLICATE_METHOD_MATCH = YES;
				COPY_PHASE_STRIP = NO;
				DEBUG_INFORMATION_FORMAT = dwarf;
				ENABLE_STRICT_OBJC_MSGSEND = YES;
				ENABLE_TESTABILITY = YES;
				GCC_C_LANGUAGE_STANDARD = gnu11;
				GCC_DYNAMIC_NO_PIC = NO;
				GCC_NO_COMMON_BLOCKS = YES;
				GCC_OPTIMIZATION_LEVEL = 0;
				GCC_PREPROCESSOR_DEFINITIONS = (
					"DEBUG=1",
					"$(inherited)",
				);
				GCC_WARN_64_TO_32_BIT_CONVERSION = YES;
				GCC_WARN_ABOUT_RETURN_TYPE = YES_ERROR;
				GCC_WARN_UNDECLARED_SELECTOR = YES;
				GCC_WARN_UNINITIALIZED_AUTOS = YES_AGGRESSIVE;
				GCC_WARN_UNUSED_FUNCTION = YES;
				GCC_WARN_UNUSED_VARIABLE = YES;
				IPHONEOS_DEPLOYMENT_TARGET = 15.0;
				MTL_ENABLE_DEBUG_INFO = INCLUDE_SOURCE;
				MTL_FAST_MATH = YES;
				ONLY_ACTIVE_ARCH = YES;
				SDKROOT = iphoneos;
				SWIFT_ACTIVE_COMPILATION_CONDITIONS = DEBUG;
				SWIFT_OPTIMIZATION_LEVEL = "-Onone";
			};
			name = Debug;
		};
		1953FB91272A3FBE00B40913 /* Release */ = {
			isa = XCBuildConfiguration;
			buildSettings = {
				ALWAYS_SEARCH_USER_PATHS = NO;
				CLANG_ANALYZER_NONNULL = YES;
				CLANG_ANALYZER_NUMBER_OBJECT_CONVERSION = YES_AGGRESSIVE;
				CLANG_CXX_LANGUAGE_STANDARD = "gnu++17";
				CLANG_CXX_LIBRARY = "libc++";
				CLANG_ENABLE_MODULES = YES;
				CLANG_ENABLE_OBJC_ARC = YES;
				CLANG_ENABLE_OBJC_WEAK = YES;
				CLANG_WARN_BLOCK_CAPTURE_AUTORELEASING = YES;
				CLANG_WARN_BOOL_CONVERSION = YES;
				CLANG_WARN_COMMA = YES;
				CLANG_WARN_CONSTANT_CONVERSION = YES;
				CLANG_WARN_DEPRECATED_OBJC_IMPLEMENTATIONS = YES;
				CLANG_WARN_DIRECT_OBJC_ISA_USAGE = YES_ERROR;
				CLANG_WARN_DOCUMENTATION_COMMENTS = YES;
				CLANG_WARN_EMPTY_BODY = YES;
				CLANG_WARN_ENUM_CONVERSION = YES;
				CLANG_WARN_INFINITE_RECURSION = YES;
				CLANG_WARN_INT_CONVERSION = YES;
				CLANG_WARN_NON_LITERAL_NULL_CONVERSION = YES;
				CLANG_WARN_OBJC_IMPLICIT_RETAIN_SELF = YES;
				CLANG_WARN_OBJC_LITERAL_CONVERSION = YES;
				CLANG_WARN_OBJC_ROOT_CLASS = YES_ERROR;
				CLANG_WARN_QUOTED_INCLUDE_IN_FRAMEWORK_HEADER = YES;
				CLANG_WARN_RANGE_LOOP_ANALYSIS = YES;
				CLANG_WARN_STRICT_PROTOTYPES = YES;
				CLANG_WARN_SUSPICIOUS_MOVE = YES;
				CLANG_WARN_UNGUARDED_AVAILABILITY = YES_AGGRESSIVE;
				CLANG_WARN_UNREACHABLE_CODE = YES;
				CLANG_WARN__DUPLICATE_METHOD_MATCH = YES;
				COPY_PHASE_STRIP = NO;
				DEBUG_INFORMATION_FORMAT = "dwarf-with-dsym";
				ENABLE_NS_ASSERTIONS = NO;
				ENABLE_STRICT_OBJC_MSGSEND = YES;
				GCC_C_LANGUAGE_STANDARD = gnu11;
				GCC_NO_COMMON_BLOCKS = YES;
				GCC_WARN_64_TO_32_BIT_CONVERSION = YES;
				GCC_WARN_ABOUT_RETURN_TYPE = YES_ERROR;
				GCC_WARN_UNDECLARED_SELECTOR = YES;
				GCC_WARN_UNINITIALIZED_AUTOS = YES_AGGRESSIVE;
				GCC_WARN_UNUSED_FUNCTION = YES;
				GCC_WARN_UNUSED_VARIABLE = YES;
				IPHONEOS_DEPLOYMENT_TARGET = 15.0;
				MTL_ENABLE_DEBUG_INFO = NO;
				MTL_FAST_MATH = YES;
				SDKROOT = iphoneos;
				SWIFT_COMPILATION_MODE = wholemodule;
				SWIFT_OPTIMIZATION_LEVEL = "-O";
				VALIDATE_PRODUCT = YES;
			};
			name = Release;
		};
		1953FB93272A3FBE00B40913 /* Debug */ = {
			isa = XCBuildConfiguration;
			buildSettings = {
				ASSETCATALOG_COMPILER_APPICON_NAME = AppIcon;
				ASSETCATALOG_COMPILER_GLOBAL_ACCENT_COLOR_NAME = AccentColor;
				CODE_SIGN_STYLE = Automatic;
				CURRENT_PROJECT_VERSION = 1;
				DEVELOPMENT_ASSET_PATHS = "\"exemplar/Preview Content\"";
				DEVELOPMENT_TEAM = A5NR7JP9ZH;
				ENABLE_PREVIEWS = YES;
				GENERATE_INFOPLIST_FILE = YES;
				INFOPLIST_KEY_UIApplicationSceneManifest_Generation = YES;
				INFOPLIST_KEY_UIApplicationSupportsIndirectInputEvents = YES;
				INFOPLIST_KEY_UILaunchScreen_Generation = YES;
				INFOPLIST_KEY_UISupportedInterfaceOrientations_iPad = "UIInterfaceOrientationPortrait UIInterfaceOrientationPortraitUpsideDown UIInterfaceOrientationLandscapeLeft UIInterfaceOrientationLandscapeRight";
				INFOPLIST_KEY_UISupportedInterfaceOrientations_iPhone = "UIInterfaceOrientationPortrait UIInterfaceOrientationLandscapeLeft UIInterfaceOrientationLandscapeRight";
				LD_RUNPATH_SEARCH_PATHS = (
					"$(inherited)",
					"@executable_path/Frameworks",
				);
				MARKETING_VERSION = 1.0;
				PRODUCT_BUNDLE_IDENTIFIER = com.robertomerizalde.exemplar;
				PRODUCT_NAME = "$(TARGET_NAME)";
				SWIFT_EMIT_LOC_STRINGS = YES;
				SWIFT_VERSION = 5.0;
				TARGETED_DEVICE_FAMILY = "1,2";
			};
			name = Debug;
		};
		1953FB94272A3FBE00B40913 /* Release */ = {
			isa = XCBuildConfiguration;
			buildSettings = {
				ASSETCATALOG_COMPILER_APPICON_NAME = AppIcon;
				ASSETCATALOG_COMPILER_GLOBAL_ACCENT_COLOR_NAME = AccentColor;
				CODE_SIGN_STYLE = Automatic;
				CURRENT_PROJECT_VERSION = 1;
				DEVELOPMENT_ASSET_PATHS = "\"exemplar/Preview Content\"";
				DEVELOPMENT_TEAM = A5NR7JP9ZH;
				ENABLE_PREVIEWS = YES;
				GENERATE_INFOPLIST_FILE = YES;
				INFOPLIST_KEY_UIApplicationSceneManifest_Generation = YES;
				INFOPLIST_KEY_UIApplicationSupportsIndirectInputEvents = YES;
				INFOPLIST_KEY_UILaunchScreen_Generation = YES;
				INFOPLIST_KEY_UISupportedInterfaceOrientations_iPad = "UIInterfaceOrientationPortrait UIInterfaceOrientationPortraitUpsideDown UIInterfaceOrientationLandscapeLeft UIInterfaceOrientationLandscapeRight";
				INFOPLIST_KEY_UISupportedInterfaceOrientations_iPhone = "UIInterfaceOrientationPortrait UIInterfaceOrientationLandscapeLeft UIInterfaceOrientationLandscapeRight";
				LD_RUNPATH_SEARCH_PATHS = (
					"$(inherited)",
					"@executable_path/Frameworks",
				);
				MARKETING_VERSION = 1.0;
				PRODUCT_BUNDLE_IDENTIFIER = com.robertomerizalde.exemplar;
				PRODUCT_NAME = "$(TARGET_NAME)";
				SWIFT_EMIT_LOC_STRINGS = YES;
				SWIFT_VERSION = 5.0;
				TARGETED_DEVICE_FAMILY = "1,2";
			};
			name = Release;
		};
/* End XCBuildConfiguration section */

/* Begin XCConfigurationList section */
		1953FB7F272A3FBD00B40913 /* Build configuration list for PBXProject "exemplar" */ = {
			isa = XCConfigurationList;
			buildConfigurations = (
				1953FB90272A3FBE00B40913 /* Debug */,
				1953FB91272A3FBE00B40913 /* Release */,
			);
			defaultConfigurationIsVisible = 0;
			defaultConfigurationName = Release;
		};
		1953FB92272A3FBE00B40913 /* Build configuration list for PBXNativeTarget "exemplar" */ = {
			isa = XCConfigurationList;
			buildConfigurations = (
				1953FB93272A3FBE00B40913 /* Debug */,
				1953FB94272A3FBE00B40913 /* Release */,
			);
			defaultConfigurationIsVisible = 0;
			defaultConfigurationName = Release;
		};
/* End XCConfigurationList section */
	};
	rootObject = 1953FB7C272A3FBD00B40913 /* Project object */;
}
